// !$*UTF8*$!
{
	archiveVersion = 1;
	classes = {
	};
	objectVersion = 46;
	objects = {

/* Begin PBXBuildFile section */
		A58A69341B733E12000DCC09 /* main.m in Sources */ = {isa = PBXBuildFile; fileRef = A58A69331B733E12000DCC09 /* main.m */; };
		A58A69371B733E12000DCC09 /* AppDelegate.m in Sources */ = {isa = PBXBuildFile; fileRef = A58A69361B733E12000DCC09 /* AppDelegate.m */; };
		A58A693A1B733E12000DCC09 /* ViewController.m in Sources */ = {isa = PBXBuildFile; fileRef = A58A69391B733E12000DCC09 /* ViewController.m */; };
		A58A693D1B733E12000DCC09 /* Main.storyboard in Resources */ = {isa = PBXBuildFile; fileRef = A58A693B1B733E12000DCC09 /* Main.storyboard */; };
		A58A693F1B733E12000DCC09 /* Images.xcassets in Resources */ = {isa = PBXBuildFile; fileRef = A58A693E1B733E12000DCC09 /* Images.xcassets */; };
		A58A69421B733E12000DCC09 /* LaunchScreen.xib in Resources */ = {isa = PBXBuildFile; fileRef = A58A69401B733E12000DCC09 /* LaunchScreen.xib */; };
		A58A694E1B733E12000DCC09 /* BBQTests.m in Sources */ = {isa = PBXBuildFile; fileRef = A58A694D1B733E12000DCC09 /* BBQTests.m */; };
/* End PBXBuildFile section */

/* Begin PBXContainerItemProxy section */
		A58A69481B733E12000DCC09 /* PBXContainerItemProxy */ = {
			isa = PBXContainerItemProxy;
			containerPortal = A58A69261B733E12000DCC09 /* Project object */;
			proxyType = 1;
			remoteGlobalIDString = A58A692D1B733E12000DCC09;
			remoteInfo = BBQ;
		};
/* End PBXContainerItemProxy section */

/* Begin PBXFileReference section */
		A58A692E1B733E12000DCC09 /* BBQ.app */ = {isa = PBXFileReference; explicitFileType = wrapper.application; includeInIndex = 0; path = BBQ.app; sourceTree = BUILT_PRODUCTS_DIR; };
		A58A69321B733E12000DCC09 /* Info.plist */ = {isa = PBXFileReference; lastKnownFileType = text.plist.xml; path = Info.plist; sourceTree = "<group>"; };
		A58A69331B733E12000DCC09 /* main.m */ = {isa = PBXFileReference; lastKnownFileType = sourcecode.c.objc; path = main.m; sourceTree = "<group>"; };
		A58A69351B733E12000DCC09 /* AppDelegate.h */ = {isa = PBXFileReference; lastKnownFileType = sourcecode.c.h; path = AppDelegate.h; sourceTree = "<group>"; };
		A58A69361B733E12000DCC09 /* AppDelegate.m */ = {isa = PBXFileReference; lastKnownFileType = sourcecode.c.objc; path = AppDelegate.m; sourceTree = "<group>"; };
		A58A69381B733E12000DCC09 /* ViewController.h */ = {isa = PBXFileReference; lastKnownFileType = sourcecode.c.h; path = ViewController.h; sourceTree = "<group>"; };
		A58A69391B733E12000DCC09 /* ViewController.m */ = {isa = PBXFileReference; lastKnownFileType = sourcecode.c.objc; path = ViewController.m; sourceTree = "<group>"; };
		A58A693C1B733E12000DCC09 /* Base */ = {isa = PBXFileReference; lastKnownFileType = file.storyboard; name = Base; path = Base.lproj/Main.storyboard; sourceTree = "<group>"; };
		A58A693E1B733E12000DCC09 /* Images.xcassets */ = {isa = PBXFileReference; lastKnownFileType = folder.assetcatalog; path = Images.xcassets; sourceTree = "<group>"; };
		A58A69411B733E12000DCC09 /* Base */ = {isa = PBXFileReference; lastKnownFileType = file.xib; name = Base; path = Base.lproj/LaunchScreen.xib; sourceTree = "<group>"; };
		A58A69471B733E12000DCC09 /* BBQTests.xctest */ = {isa = PBXFileReference; explicitFileType = wrapper.cfbundle; includeInIndex = 0; path = BBQTests.xctest; sourceTree = BUILT_PRODUCTS_DIR; };
		A58A694C1B733E12000DCC09 /* Info.plist */ = {isa = PBXFileReference; lastKnownFileType = text.plist.xml; path = Info.plist; sourceTree = "<group>"; };
		A58A694D1B733E12000DCC09 /* BBQTests.m */ = {isa = PBXFileReference; lastKnownFileType = sourcecode.c.objc; path = BBQTests.m; sourceTree = "<group>"; };
/* End PBXFileReference section */

/* Begin PBXFrameworksBuildPhase section */
		A58A692B1B733E12000DCC09 /* Frameworks */ = {
			isa = PBXFrameworksBuildPhase;
			buildActionMask = 2147483647;
			files = (
			);
			runOnlyForDeploymentPostprocessing = 0;
		};
		A58A69441B733E12000DCC09 /* Frameworks */ = {
			isa = PBXFrameworksBuildPhase;
			buildActionMask = 2147483647;
			files = (
			);
			runOnlyForDeploymentPostprocessing = 0;
		};
/* End PBXFrameworksBuildPhase section */

/* Begin PBXGroup section */
		A58A69251B733E12000DCC09 = {
			isa = PBXGroup;
			children = (
				A58A69301B733E12000DCC09 /* BBQ */,
				A58A694A1B733E12000DCC09 /* BBQTests */,
				A58A692F1B733E12000DCC09 /* Products */,
			);
			sourceTree = "<group>";
		};
		A58A692F1B733E12000DCC09 /* Products */ = {
			isa = PBXGroup;
			children = (
				A58A692E1B733E12000DCC09 /* BBQ.app */,
				A58A69471B733E12000DCC09 /* BBQTests.xctest */,
			);
			name = Products;
			sourceTree = "<group>";
		};
		A58A69301B733E12000DCC09 /* BBQ */ = {
			isa = PBXGroup;
			children = (
				A58A69351B733E12000DCC09 /* AppDelegate.h */,
				A58A69361B733E12000DCC09 /* AppDelegate.m */,
				A58A69381B733E12000DCC09 /* ViewController.h */,
				A58A69391B733E12000DCC09 /* ViewController.m */,
				A58A693B1B733E12000DCC09 /* Main.storyboard */,
				A58A693E1B733E12000DCC09 /* Images.xcassets */,
				A58A69401B733E12000DCC09 /* LaunchScreen.xib */,
				A58A69311B733E12000DCC09 /* Supporting Files */,
			);
			path = BBQ;
			sourceTree = "<group>";
		};
		A58A69311B733E12000DCC09 /* Supporting Files */ = {
			isa = PBXGroup;
			children = (
				A58A69321B733E12000DCC09 /* Info.plist */,
				A58A69331B733E12000DCC09 /* main.m */,
			);
			name = "Supporting Files";
			sourceTree = "<group>";
		};
		A58A694A1B733E12000DCC09 /* BBQTests */ = {
			isa = PBXGroup;
			children = (
				A58A694D1B733E12000DCC09 /* BBQTests.m */,
				A58A694B1B733E12000DCC09 /* Supporting Files */,
			);
			path = BBQTests;
			sourceTree = "<group>";
		};
		A58A694B1B733E12000DCC09 /* Supporting Files */ = {
			isa = PBXGroup;
			children = (
				A58A694C1B733E12000DCC09 /* Info.plist */,
			);
			name = "Supporting Files";
			sourceTree = "<group>";
		};
/* End PBXGroup section */

/* Begin PBXNativeTarget section */
		A58A692D1B733E12000DCC09 /* BBQ */ = {
			isa = PBXNativeTarget;
			buildConfigurationList = A58A69511B733E12000DCC09 /* Build configuration list for PBXNativeTarget "BBQ" */;
			buildPhases = (
				A58A692A1B733E12000DCC09 /* Sources */,
				A58A692B1B733E12000DCC09 /* Frameworks */,
				A58A692C1B733E12000DCC09 /* Resources */,
			);
			buildRules = (
			);
			dependencies = (
			);
			name = BBQ;
			productName = BBQ;
			productReference = A58A692E1B733E12000DCC09 /* BBQ.app */;
			productType = "com.apple.product-type.application";
		};
		A58A69461B733E12000DCC09 /* BBQTests */ = {
			isa = PBXNativeTarget;
			buildConfigurationList = A58A69541B733E12000DCC09 /* Build configuration list for PBXNativeTarget "BBQTests" */;
			buildPhases = (
				A58A69431B733E12000DCC09 /* Sources */,
				A58A69441B733E12000DCC09 /* Frameworks */,
				A58A69451B733E12000DCC09 /* Resources */,
			);
			buildRules = (
			);
			dependencies = (
				A58A69491B733E12000DCC09 /* PBXTargetDependency */,
			);
			name = BBQTests;
			productName = BBQTests;
			productReference = A58A69471B733E12000DCC09 /* BBQTests.xctest */;
			productType = "com.apple.product-type.bundle.unit-test";
		};
/* End PBXNativeTarget section */

/* Begin PBXProject section */
		A58A69261B733E12000DCC09 /* Project object */ = {
			isa = PBXProject;
			attributes = {
				LastUpgradeCheck = 0640;
				ORGANIZATIONNAME = icarus;
				TargetAttributes = {
					A58A692D1B733E12000DCC09 = {
						CreatedOnToolsVersion = 6.4;
					};
					A58A69461B733E12000DCC09 = {
						CreatedOnToolsVersion = 6.4;
						TestTargetID = A58A692D1B733E12000DCC09;
					};
				};
			};
			buildConfigurationList = A58A69291B733E12000DCC09 /* Build configuration list for PBXProject "BBQ" */;
			compatibilityVersion = "Xcode 3.2";
			developmentRegion = English;
			hasScannedForEncodings = 0;
			knownRegions = (
				en,
				Base,
			);
			mainGroup = A58A69251B733E12000DCC09;
			productRefGroup = A58A692F1B733E12000DCC09 /* Products */;
			projectDirPath = "";
			projectRoot = "";
			targets = (
				A58A692D1B733E12000DCC09 /* BBQ */,
				A58A69461B733E12000DCC09 /* BBQTests */,
			);
		};
/* End PBXProject section */

/* Begin PBXResourcesBuildPhase section */
		A58A692C1B733E12000DCC09 /* Resources */ = {
			isa = PBXResourcesBuildPhase;
			buildActionMask = 2147483647;
			files = (
				A58A693D1B733E12000DCC09 /* Main.storyboard in Resources */,
				A58A69421B733E12000DCC09 /* LaunchScreen.xib in Resources */,
				A58A693F1B733E12000DCC09 /* Images.xcassets in Resources */,
			);
			runOnlyForDeploymentPostprocessing = 0;
		};
		A58A69451B733E12000DCC09 /* Resources */ = {
			isa = PBXResourcesBuildPhase;
			buildActionMask = 2147483647;
			files = (
			);
			runOnlyForDeploymentPostprocessing = 0;
		};
/* End PBXResourcesBuildPhase section */

/* Begin PBXSourcesBuildPhase section */
		A58A692A1B733E12000DCC09 /* Sources */ = {
			isa = PBXSourcesBuildPhase;
			buildActionMask = 2147483647;
			files = (
				A58A693A1B733E12000DCC09 /* ViewController.m in Sources */,
				A58A69371B733E12000DCC09 /* AppDelegate.m in Sources */,
				A58A69341B733E12000DCC09 /* main.m in Sources */,
			);
			runOnlyForDeploymentPostprocessing = 0;
		};
		A58A69431B733E12000DCC09 /* Sources */ = {
			isa = PBXSourcesBuildPhase;
			buildActionMask = 2147483647;
			files = (
				A58A694E1B733E12000DCC09 /* BBQTests.m in Sources */,
			);
			runOnlyForDeploymentPostprocessing = 0;
		};
/* End PBXSourcesBuildPhase section */

/* Begin PBXTargetDependency section */
		A58A69491B733E12000DCC09 /* PBXTargetDependency */ = {
			isa = PBXTargetDependency;
			target = A58A692D1B733E12000DCC09 /* BBQ */;
			targetProxy = A58A69481B733E12000DCC09 /* PBXContainerItemProxy */;
		};
/* End PBXTargetDependency section */

/* Begin PBXVariantGroup section */
		A58A693B1B733E12000DCC09 /* Main.storyboard */ = {
			isa = PBXVariantGroup;
			children = (
				A58A693C1B733E12000DCC09 /* Base */,
			);
			name = Main.storyboard;
			sourceTree = "<group>";
		};
		A58A69401B733E12000DCC09 /* LaunchScreen.xib */ = {
			isa = PBXVariantGroup;
			children = (
				A58A69411B733E12000DCC09 /* Base */,
			);
			name = LaunchScreen.xib;
			sourceTree = "<group>";
		};
/* End PBXVariantGroup section */

/* Begin XCBuildConfiguration section */
		A58A694F1B733E12000DCC09 /* Debug */ = {
			isa = XCBuildConfiguration;
			buildSettings = {
				ALWAYS_SEARCH_USER_PATHS = NO;
				CLANG_CXX_LANGUAGE_STANDARD = "gnu++0x";
				CLANG_CXX_LIBRARY = "libc++";
				CLANG_ENABLE_MODULES = YES;
				CLANG_ENABLE_OBJC_ARC = YES;
				CLANG_WARN_BOOL_CONVERSION = YES;
				CLANG_WARN_CONSTANT_CONVERSION = YES;
				CLANG_WARN_DIRECT_OBJC_ISA_USAGE = YES_ERROR;
				CLANG_WARN_EMPTY_BODY = YES;
				CLANG_WARN_ENUM_CONVERSION = YES;
				CLANG_WARN_INT_CONVERSION = YES;
				CLANG_WARN_OBJC_ROOT_CLASS = YES_ERROR;
				CLANG_WARN_UNREACHABLE_CODE = YES;
				CLANG_WARN__DUPLICATE_METHOD_MATCH = YES;
				"CODE_SIGN_IDENTITY[sdk=iphoneos*]" = "iPhone Developer";
				COPY_PHASE_STRIP = NO;
				DEBUG_INFORMATION_FORMAT = "dwarf-with-dsym";
				ENABLE_STRICT_OBJC_MSGSEND = YES;
				GCC_C_LANGUAGE_STANDARD = gnu99;
				GCC_DYNAMIC_NO_PIC = NO;
				GCC_NO_COMMON_BLOCKS = YES;
				GCC_OPTIMIZATION_LEVEL = 0;
				GCC_PREPROCESSOR_DEFINITIONS = (
					"DEBUG=1",
					"$(inherited)",
				);
				GCC_SYMBOLS_PRIVATE_EXTERN = NO;
				GCC_WARN_64_TO_32_BIT_CONVERSION = YES;
				GCC_WARN_ABOUT_RETURN_TYPE = YES_ERROR;
				GCC_WARN_UNDECLARED_SELECTOR = YES;
				GCC_WARN_UNINITIALIZED_AUTOS = YES_AGGRESSIVE;
				GCC_WARN_UNUSED_FUNCTION = YES;
				GCC_WARN_UNUSED_VARIABLE = YES;
				IPHONEOS_DEPLOYMENT_TARGET = 8.4;
				MTL_ENABLE_DEBUG_INFO = YES;
				ONLY_ACTIVE_ARCH = YES;
				SDKROOT = iphoneos;
			};
			name = Debug;
		};
		A58A69501B733E12000DCC09 /* Release */ = {
			isa = XCBuildConfiguration;
			buildSettings = {
				ALWAYS_SEARCH_USER_PATHS = NO;
				CLANG_CXX_LANGUAGE_STANDARD = "gnu++0x";
				CLANG_CXX_LIBRARY = "libc++";
				CLANG_ENABLE_MODULES = YES;
				CLANG_ENABLE_OBJC_ARC = YES;
				CLANG_WARN_BOOL_CONVERSION = YES;
				CLANG_WARN_CONSTANT_CONVERSION = YES;
				CLANG_WARN_DIRECT_OBJC_ISA_USAGE = YES_ERROR;
				CLANG_WARN_EMPTY_BODY = YES;
				CLANG_WARN_ENUM_CONVERSION = YES;
				CLANG_WARN_INT_CONVERSION = YES;
				CLANG_WARN_OBJC_ROOT_CLASS = YES_ERROR;
				CLANG_WARN_UNREACHABLE_CODE = YES;
				CLANG_WARN__DUPLICATE_METHOD_MATCH = YES;
				"CODE_SIGN_IDENTITY[sdk=iphoneos*]" = "iPhone Developer";
				COPY_PHASE_STRIP = NO;
				DEBUG_INFORMATION_FORMAT = "dwarf-with-dsym";
				ENABLE_NS_ASSERTIONS = NO;
				ENABLE_STRICT_OBJC_MSGSEND = YES;
				GCC_C_LANGUAGE_STANDARD = gnu99;
				GCC_NO_COMMON_BLOCKS = YES;
				GCC_WARN_64_TO_32_BIT_CONVERSION = YES;
				GCC_WARN_ABOUT_RETURN_TYPE = YES_ERROR;
				GCC_WARN_UNDECLARED_SELECTOR = YES;
				GCC_WARN_UNINITIALIZED_AUTOS = YES_AGGRESSIVE;
				GCC_WARN_UNUSED_FUNCTION = YES;
				GCC_WARN_UNUSED_VARIABLE = YES;
				IPHONEOS_DEPLOYMENT_TARGET = 8.4;
				MTL_ENABLE_DEBUG_INFO = NO;
				SDKROOT = iphoneos;
				VALIDATE_PRODUCT = YES;
			};
			name = Release;
		};
		A58A69521B733E12000DCC09 /* Debug */ = {
			isa = XCBuildConfiguration;
			buildSettings = {
				ASSETCATALOG_COMPILER_APPICON_NAME = AppIcon;
				INFOPLIST_FILE = BBQ/Info.plist;
				LD_RUNPATH_SEARCH_PATHS = "$(inherited) @executable_path/Frameworks";
				PRODUCT_NAME = "$(TARGET_NAME)";
			};
			name = Debug;
		};
		A58A69531B733E12000DCC09 /* Release */ = {
			isa = XCBuildConfiguration;
			buildSettings = {
				ASSETCATALOG_COMPILER_APPICON_NAME = AppIcon;
				INFOPLIST_FILE = BBQ/Info.plist;
				LD_RUNPATH_SEARCH_PATHS = "$(inherited) @executable_path/Frameworks";
				PRODUCT_NAME = "$(TARGET_NAME)";
			};
			name = Release;
		};
		A58A69551B733E12000DCC09 /* Debug */ = {
			isa = XCBuildConfiguration;
			buildSettings = {
				BUNDLE_LOADER = "$(TEST_HOST)";
				FRAMEWORK_SEARCH_PATHS = (
					"$(SDKROOT)/Developer/Library/Frameworks",
					"$(inherited)",
				);
				GCC_PREPROCESSOR_DEFINITIONS = (
					"DEBUG=1",
					"$(inherited)",
				);
				INFOPLIST_FILE = BBQTests/Info.plist;
				LD_RUNPATH_SEARCH_PATHS = "$(inherited) @executable_path/Frameworks @loader_path/Frameworks";
				PRODUCT_NAME = "$(TARGET_NAME)";
				TEST_HOST = "$(BUILT_PRODUCTS_DIR)/BBQ.app/BBQ";
			};
			name = Debug;
		};
		A58A69561B733E12000DCC09 /* Release */ = {
			isa = XCBuildConfiguration;
			buildSettings = {
				BUNDLE_LOADER = "$(TEST_HOST)";
				FRAMEWORK_SEARCH_PATHS = (
					"$(SDKROOT)/Developer/Library/Frameworks",
					"$(inherited)",
				);
				INFOPLIST_FILE = BBQTests/Info.plist;
				LD_RUNPATH_SEARCH_PATHS = "$(inherited) @executable_path/Frameworks @loader_path/Frameworks";
				PRODUCT_NAME = "$(TARGET_NAME)";
				TEST_HOST = "$(BUILT_PRODUCTS_DIR)/BBQ.app/BBQ";
			};
			name = Release;
		};
/* End XCBuildConfiguration section */

/* Begin XCConfigurationList section */
		A58A69291B733E12000DCC09 /* Build configuration list for PBXProject "BBQ" */ = {
			isa = XCConfigurationList;
			buildConfigurations = (
				A58A694F1B733E12000DCC09 /* Debug */,
				A58A69501B733E12000DCC09 /* Release */,
			);
			defaultConfigurationIsVisible = 0;
			defaultConfigurationName = Release;
		};
		A58A69511B733E12000DCC09 /* Build configuration list for PBXNativeTarget "BBQ" */ = {
			isa = XCConfigurationList;
			buildConfigurations = (
				A58A69521B733E12000DCC09 /* Debug */,
				A58A69531B733E12000DCC09 /* Release */,
			);
			defaultConfigurationIsVisible = 0;
		};
		A58A69541B733E12000DCC09 /* Build configuration list for PBXNativeTarget "BBQTests" */ = {
			isa = XCConfigurationList;
			buildConfigurations = (
				A58A69551B733E12000DCC09 /* Debug */,
				A58A69561B733E12000DCC09 /* Release */,
			);
			defaultConfigurationIsVisible = 0;
		};
/* End XCConfigurationList section */
	};
	rootObject = A58A69261B733E12000DCC09 /* Project object */;
}
